
Microsoft Visual Studio Solution File, Format Version 12.00
# Visual Studio Version 17
VisualStudioVersion = 17.8.34511.84
MinimumVisualStudioVersion = 10.0.40219.1
Project("{9A19103F-16F7-4668-BE54-9A1E7A4F7556}") = "Project", "Project\Project.csproj", "{8C49DC18-1285-4D84-80A7-5F610257219F}"
EndProject
Project("{2150E333-8FDC-42A3-9474-1A3956D46DE8}") = "Solution Items", "Solution Items", "{761EF63E-9316-4CD0-A4FC-5ED109F15DA9}"
	ProjectSection(SolutionItems) = preProject
		.editorconfig = .editorconfig
	EndProjectSection
EndProject
Global
	GlobalSection(SolutionConfigurationPlatforms) = preSolution
		Debug|Any CPU = Debug|Any CPU
		Release|Any CPU = Release|Any CPU
	EndGlobalSection
	GlobalSection(ProjectConfigurationPlatforms) = postSolution
		{8C49DC18-1285-4D84-80A7-5F610257219F}.Debug|Any CPU.ActiveCfg = Debug|Any CPU
		{8C49DC18-1285-4D84-80A7-5F610257219F}.Debug|Any CPU.Build.0 = Debug|Any CPU
		{8C49DC18-1285-4D84-80A7-5F610257219F}.Release|Any CPU.ActiveCfg = Release|Any CPU
		{8C49DC18-1285-4D84-80A7-5F610257219F}.Release|Any CPU.Build.0 = Release|Any CPU
	EndGlobalSection
	GlobalSection(SolutionProperties) = preSolution
		HideSolutionNode = FALSE
	EndGlobalSection
	GlobalSection(ExtensibilityGlobals) = postSolution
		SolutionGuid = {F28DA3E8-BA8B-40F6-901B-039C0E9D2A50}
	EndGlobalSection
EndGlobal
